
Microsoft Visual Studio Solution File, Format Version 12.00
# Visual Studio Version 17
VisualStudioVersion = 17.14.37111.16 d17.14
MinimumVisualStudioVersion = 10.0.40219.1
Project("{FAE04EC0-301F-11D3-BF4B-00C04F79EFBC}") = "MoPhongQuantum", "MoPhongQuantum\MoPhongQuantum.csproj", "{EA99B826-2140-4BB2-9A0C-15C87DF02475}"
EndProject
Global
	GlobalSection(SolutionConfigurationPlatforms) = preSolution
		Debug|Any CPU = Debug|Any CPU
		Release|Any CPU = Release|Any CPU
	EndGlobalSection
	GlobalSection(ProjectConfigurationPlatforms) = postSolution
		{EA99B826-2140-4BB2-9A0C-15C87DF02475}.Debug|Any CPU.ActiveCfg = Debug|Any CPU
		{EA99B826-2140-4BB2-9A0C-15C87DF02475}.Debug|Any CPU.Build.0 = Debug|Any CPU
		{EA99B826-2140-4BB2-9A0C-15C87DF02475}.Release|Any CPU.ActiveCfg = Release|Any CPU
		{EA99B826-2140-4BB2-9A0C-15C87DF02475}.Release|Any CPU.Build.0 = Release|Any CPU
	EndGlobalSection
	GlobalSection(SolutionProperties) = preSolution
		HideSolutionNode = FALSE
	EndGlobalSection
	GlobalSection(ExtensibilityGlobals) = postSolution
		SolutionGuid = {30A3E043-909E-4F4B-B917-54AC430D55BC}
	EndGlobalSection
EndGlobal
